
Microsoft Visual Studio Solution File, Format Version 12.00
# Visual Studio Version 17
VisualStudioVersion = 17.8.34330.188
MinimumVisualStudioVersion = 10.0.40219.1
Project("{FAE04EC0-301F-11D3-BF4B-00C04F79EFBC}") = "05.4 Masini", "05.4 Masini.csproj", "{74E433FD-DD5E-4373-8574-35F8E563F92E}"
EndProject
Global
	GlobalSection(SolutionConfigurationPlatforms) = preSolution
		Debug|Any CPU = Debug|Any CPU
		Release|Any CPU = Release|Any CPU
	EndGlobalSection
	GlobalSection(ProjectConfigurationPlatforms) = postSolution
		{74E433FD-DD5E-4373-8574-35F8E563F92E}.Debug|Any CPU.ActiveCfg = Debug|Any CPU
		{74E433FD-DD5E-4373-8574-35F8E563F92E}.Debug|Any CPU.Build.0 = Debug|Any CPU
		{74E433FD-DD5E-4373-8574-35F8E563F92E}.Release|Any CPU.ActiveCfg = Release|Any CPU
		{74E433FD-DD5E-4373-8574-35F8E563F92E}.Release|Any CPU.Build.0 = Release|Any CPU
	EndGlobalSection
	GlobalSection(SolutionProperties) = preSolution
		HideSolutionNode = FALSE
	EndGlobalSection
	GlobalSection(ExtensibilityGlobals) = postSolution
		SolutionGuid = {7521FB3C-69DC-40AB-859E-935700F9CE8F}
	EndGlobalSection
EndGlobal
