
Microsoft Visual Studio Solution File, Format Version 12.00
# Visual Studio Version 17
VisualStudioVersion = 17.8.34330.188
MinimumVisualStudioVersion = 10.0.40219.1
Project("{FAE04EC0-301F-11D3-BF4B-00C04F79EFBC}") = "07.3 First Paint", "07.3 First Paint\07.3 First Paint\07.3 First Paint.csproj", "{BF025265-21B0-4B52-B8AD-58D45A8A2A24}"
EndProject
Project("{FAE04EC0-301F-11D3-BF4B-00C04F79EFBC}") = "05.2 Bilete SQL", "05.2 Bilete SQL\05.2 Bilete SQL\05.2 Bilete SQL.csproj", "{0C30496B-137B-412A-A98E-B047E3E063E9}"
EndProject
Project("{FAE04EC0-301F-11D3-BF4B-00C04F79EFBC}") = "05.3 Țări și capitale", "05.3 Țări și capitale\05.3 Țări și capitale\05.3 Țări și capitale.csproj", "{B3B4D9B3-FDE8-4D19-83E8-604901C42197}"
EndProject
Project("{FAE04EC0-301F-11D3-BF4B-00C04F79EFBC}") = "05.4 Masini", "05.4 Masini\05.4 Masini\05.4 Masini.csproj", "{74E433FD-DD5E-4373-8574-35F8E563F92E}"
EndProject
Project("{FAE04EC0-301F-11D3-BF4B-00C04F79EFBC}") = "06.1 Login form", "06.1 Login form\06.1 Login form\06.1 Login form.csproj", "{C9419349-94D8-4A8F-9BCE-FE47EC3E3046}"
EndProject
Project("{FAE04EC0-301F-11D3-BF4B-00C04F79EFBC}") = "06.2 - Fitness small app", "06.2 - Fitness small app\06.2 - Fitness small app\06.2 - Fitness small app.csproj", "{7ACD92D9-78C1-4CF1-BA63-AC25FF90FFB6}"
EndProject
Project("{FAE04EC0-301F-11D3-BF4B-00C04F79EFBC}") = "07.1 Xmas mood", "07.1 Xmas mood\07.1 Xmas mood\07.1 Xmas mood.csproj", "{3490FB52-47BD-4378-8094-291437426E1A}"
EndProject
Project("{FAE04EC0-301F-11D3-BF4B-00C04F79EFBC}") = "07.2 Dice Roll", "07.2 Dice Roll\07.2 Dice Roll\07.2 Dice Roll.csproj", "{88A06FC5-37B4-4F6A-8909-67BEEA801CE5}"
EndProject
Project("{FAE04EC0-301F-11D3-BF4B-00C04F79EFBC}") = "08.1 - Putina miscare", "08.1 - Putina miscare\08.1 - Putina miscare\08.1 - Putina miscare.csproj", "{2BB3DC08-B10B-4B89-A972-148CE793D70F}"
EndProject
Project("{FAE04EC0-301F-11D3-BF4B-00C04F79EFBC}") = "08.2 - Animatie", "08.2 - Animatie\08.2 - Animatie\08.2 - Animatie.csproj", "{31D2024B-28B7-4B99-A43F-69B718619EB5}"
EndProject
Project("{FAE04EC0-301F-11D3-BF4B-00C04F79EFBC}") = "08.3 - Race", "08.3 - Race\08.3 - Race\08.3 - Race.csproj", "{81BF1D38-3F39-4B70-9E09-363355316AFE}"
EndProject
Project("{FAE04EC0-301F-11D3-BF4B-00C04F79EFBC}") = "08.4 - Judeteana 2012", "08.4 - Judeteana 2012\08.4 - Judeteana 2012\08.4 - Judeteana 2012.csproj", "{7804A780-9920-4EC8-A2FC-202A357BEE4B}"
EndProject
Project("{FAE04EC0-301F-11D3-BF4B-00C04F79EFBC}") = "11.1 - Animate name", "11.1 - Animate name\11.1 - Animate name\11.1 - Animate name.csproj", "{1EFBA3BC-E9CD-44E4-BADA-725924CF0BD5}"
EndProject
Project("{FAE04EC0-301F-11D3-BF4B-00C04F79EFBC}") = "12.1 Paint", "12.1 Paint\12.1 Paint\12.1 Paint.csproj", "{4BBE3DB1-75E7-4ED5-A860-2592031B81A4}"
EndProject
Project("{FAE04EC0-301F-11D3-BF4B-00C04F79EFBC}") = "12.2 Cerere", "12.2 Cerere\12.2 Cerere\12.2 Cerere.csproj", "{EB8155C6-5863-4BAD-B37F-193C20ABE674}"
EndProject
Project("{FAE04EC0-301F-11D3-BF4B-00C04F79EFBC}") = "12.3 Snake", "12.3 Snake\12.3 Snake\12.3 Snake.csproj", "{0D64FB19-0EAB-4E79-94A8-84E90FB50100}"
EndProject
Project("{FAE04EC0-301F-11D3-BF4B-00C04F79EFBC}") = "13.1 Print preview", "13.1 Print preview\13.1 Print preview\13.1 Print preview.csproj", "{A2255748-DD95-4BBA-A18F-EE022B2C055F}"
EndProject
Project("{FAE04EC0-301F-11D3-BF4B-00C04F79EFBC}") = "13.2 Football", "13.2 Football\13.2 Football\13.2 Football.csproj", "{AB0CDD78-3FC5-4E50-845E-650220E45B56}"
EndProject
Project("{FAE04EC0-301F-11D3-BF4B-00C04F79EFBC}") = "13.3 Penalty Game", "13.3 Penalty Game\13.3 Penalty Game\13.3 Penalty Game.csproj", "{F0D79233-69DC-445C-9C25-AE82CF88D627}"
EndProject
Project("{FAE04EC0-301F-11D3-BF4B-00C04F79EFBC}") = "10.1 - Hangman", "10.1 - Hangman\10.1 - Hangman\10.1 - Hangman.csproj", "{3E2DAAF0-A298-4408-9D4F-1147FB84C34E}"
EndProject
Project("{FAE04EC0-301F-11D3-BF4B-00C04F79EFBC}") = "10.2 Charts", "10.2 Charts\10.2 Charts\10.2 Charts.csproj", "{E12F6587-7864-4C14-BBDF-E650481770F5}"
EndProject
Project("{FAE04EC0-301F-11D3-BF4B-00C04F79EFBC}") = "14.1 Car race", "14.1 Car race\14.1 Car race\14.1 Car race.csproj", "{7DB33BFE-343A-4FF4-8352-E9BED378400B}"
EndProject
Project("{FAE04EC0-301F-11D3-BF4B-00C04F79EFBC}") = "14.2 T-rex", "14.2 T-rex\14.2 T-rex\14.2 T-rex.csproj", "{95DF4975-7EF2-4862-8C61-3651B0B839BB}"
EndProject
Project("{FAE04EC0-301F-11D3-BF4B-00C04F79EFBC}") = "16.1 - Drag and drop #1", "16.1 - Drag and drop #1\16.1 - Drag and drop #1\16.1 - Drag and drop #1.csproj", "{6DDB32A8-1597-4469-8789-8F9493379249}"
EndProject
Project("{FAE04EC0-301F-11D3-BF4B-00C04F79EFBC}") = "16.2 - Drag and drop 2", "16.2 - Drag and drop 2\16.2 - Drag and drop 2\16.2 - Drag and drop 2.csproj", "{5C4DA894-77CC-4DC8-8F9D-960D319F7A54}"
EndProject
Project("{FAE04EC0-301F-11D3-BF4B-00C04F79EFBC}") = "16.3 - Cooking", "16.3 - Cooking\16.3 - Cooking\16.3 - Cooking.csproj", "{869C985E-4282-4309-ABBD-AA59B8AE549D}"
EndProject
Project("{9A19103F-16F7-4668-BE54-9A1E7A4F7556}") = "01.1 - Up and down", "01.1 - Up and down\01.1 - Up and down\01.1 - Up and down.csproj", "{22AA5AD9-F04D-4D9D-A83F-3CD6F0838831}"
EndProject
Project("{FAE04EC0-301F-11D3-BF4B-00C04F79EFBC}") = "06.3 - Magazinut (SELECT, INSERT, UPDATE, DELETE)", "06.3 - Magazinut (SELECT, INSERT, UPDATE, DELETE)\06.3 - Magazinut (SELECT, INSERT, UPDATE, DELETE)\06.3 - Magazinut (SELECT, INSERT, UPDATE, DELETE).csproj", "{A194BAC5-E71E-4C68-A6C3-D7051CD21C6A}"
EndProject
Project("{FAE04EC0-301F-11D3-BF4B-00C04F79EFBC}") = "06.4 - Țărișoară", "06.4 - Țărișoară\06.4 - Țărișoară\06.4 - Țărișoară.csproj", "{04C13D39-974C-4796-8539-7CCBF6DA7679}"
EndProject
Project("{9A19103F-16F7-4668-BE54-9A1E7A4F7556}") = "01.3 - Calculator", "01.3 - Calculator\01.3 - Calculator\01.3 - Calculator.csproj", "{7DE18972-BE57-4EFF-BA5F-CAF59DB15094}"
EndProject
Project("{9A19103F-16F7-4668-BE54-9A1E7A4F7556}") = "01.2 - Binar", "01.2 - Binar\01.2 - Binar\01.2 - Binar.csproj", "{0709C2C7-16BF-461D-824B-5C08DF6FD7EA}"
EndProject
Project("{FAE04EC0-301F-11D3-BF4B-00C04F79EFBC}") = "04.2 Catalog", "04.2 Catalog\04.2 Catalog\04.2 Catalog.csproj", "{9E69776B-E357-4C1A-A367-1F96C2EA2151}"
EndProject
Project("{FAE04EC0-301F-11D3-BF4B-00C04F79EFBC}") = "03.1 Combobox", "03.1 Combobox\03.1 Combobox\03.1 Combobox.csproj", "{12E32435-2C48-48C8-A7C0-416D3C7F9E22}"
EndProject
Project("{FAE04EC0-301F-11D3-BF4B-00C04F79EFBC}") = "14.3 - Provocare matematică", "14.3 - Provocare matematică\14.3 - Provocare matematică\14.3 - Provocare matematică.csproj", "{E096B3D1-B3C8-4A48-80C9-4969F80636CB}"
EndProject
Project("{9A19103F-16F7-4668-BE54-9A1E7A4F7556}") = "02.1 - Forme multiple", "02.1 - Forme multiple\02.1 - Forme multiple\02.1 - Forme multiple.csproj", "{C8C188C3-8E68-46B0-8360-80FA180C091C}"
EndProject
Project("{FAE04EC0-301F-11D3-BF4B-00C04F79EFBC}") = "03.3 Guess the country", "03.3 Guess the country\03.3 Guess the country\03.3 Guess the country.csproj", "{3EA76010-D28A-4D43-8A7F-D8D3418AF3D1}"
EndProject
Project("{9A19103F-16F7-4668-BE54-9A1E7A4F7556}") = "02.2 - Guess the number", "02.2 - Guess the number\02.2 - Guess the number\02.2 - Guess the number.csproj", "{AD249142-BDD5-4CB1-88E6-7FB5E0D43A2C}"
EndProject
Project("{FAE04EC0-301F-11D3-BF4B-00C04F79EFBC}") = "05.1 Județeana 2011", "05.1 Județeana 2011\05.1 Județeana 2011\05.1 Județeana 2011.csproj", "{75A478EC-2890-4D2C-A482-AE34D2ABFBDE}"
EndProject
Project("{FAE04EC0-301F-11D3-BF4B-00C04F79EFBC}") = "04.3 - Fruits Game", "04.3 - Fruits Game\04.3 - Fruits Game\04.3 - Fruits Game.csproj", "{14283C13-4653-4569-82B0-6888013546DC}"
EndProject
Project("{9A19103F-16F7-4668-BE54-9A1E7A4F7556}") = "02.3 Rock, Paper, Scissors", "02.3 Rock, Paper, Scissors\02.3 Rock, Paper, Scissors\02.3 Rock, Paper, Scissors.csproj", "{A4CA6123-1DA1-4CC8-991A-754466BEE346}"
EndProject
Project("{FAE04EC0-301F-11D3-BF4B-00C04F79EFBC}") = "04.1 Calculator de timp", "04.1 Calculator de timp\04.1 Calculator de timp\04.1 Calculator de timp.csproj", "{3F1A265B-748D-482C-9129-CC236D5EDA06}"
EndProject
Project("{9A19103F-16F7-4668-BE54-9A1E7A4F7556}") = "02 - BONUS(Vineri) - Verificări", "02 - BONUS(Vineri) - Verificări\02 - BONUS(Vineri) - Verificări\02 - BONUS(Vineri) - Verificări.csproj", "{EFD8D0FD-602C-4596-84AE-7E8847223D72}"
EndProject
Project("{FAE04EC0-301F-11D3-BF4B-00C04F79EFBC}") = "17.1 - Fibonacci Game", "17.1 - Fibonacci Game\17.1 - Fibonacci Game\17.1 - Fibonacci Game.csproj", "{A8C7B125-B53F-4A98-82BF-1169B6C82124}"
EndProject
Project("{FAE04EC0-301F-11D3-BF4B-00C04F79EFBC}") = "17.2 - Magazin (DGW cu imagini)", "17.2 - Magazin (DGW cu imagini)\17.2 - Magazin (DGW cu imagini)\17.2 - Magazin (DGW cu imagini).csproj", "{FDE5697C-6A0E-48CC-9FB3-56340DAF672D}"
EndProject
Project("{FAE04EC0-301F-11D3-BF4B-00C04F79EFBC}") = "17.3 - Binary Memory Game", "17.3 - Binary Memory Game\17.3 - Binary Memory Game\17.3 - Binary Memory Game.csproj", "{D5F5D281-45BA-40D4-AEEC-4F77288D764C}"
EndProject
Project("{FAE04EC0-301F-11D3-BF4B-00C04F79EFBC}") = "CercuriSiPlusuri", "CercuriSiPlusuri\CercuriSiPlusuri\CercuriSiPlusuri.csproj", "{B8F42629-6BD2-4B1A-BAA3-A63209D47907}"
EndProject
Project("{FAE04EC0-301F-11D3-BF4B-00C04F79EFBC}") = "Piata", "Piata\Piata\Piata.csproj", "{90B7C2BE-B94D-4CC0-912E-3075228DD210}"
EndProject
Project("{FAE04EC0-301F-11D3-BF4B-00C04F79EFBC}") = "Pistoane", "Pistoane\Pistoane\Pistoane.csproj", "{2BFE6D6C-1741-4DF0-BEFC-4C8EE23E6BEF}"
EndProject
Project("{FAE04EC0-301F-11D3-BF4B-00C04F79EFBC}") = "PoligonRegulat", "PoligonRegulat\PoligonRegulat\PoligonRegulat.csproj", "{E6AAA751-DC5C-4E7E-BFF4-C0BC134C6139}"
EndProject
Project("{FAE04EC0-301F-11D3-BF4B-00C04F79EFBC}") = "Turnuri", "Turnuri\Turnuri\Turnuri.csproj", "{69809043-907A-497C-87A9-CB3B2D2C2454}"
EndProject
Project("{FAE04EC0-301F-11D3-BF4B-00C04F79EFBC}") = "Ceasuri", "Ceasuri\Ceasuri\Ceasuri.csproj", "{9E0F33ED-8B23-4ED2-AA3B-79FFAD7633D7}"
EndProject
Project("{FAE04EC0-301F-11D3-BF4B-00C04F79EFBC}") = "Mingi", "Mingi\Mingi\Mingi.csproj", "{34F61D6B-A3C3-4945-980C-08FCB3067BAA}"
EndProject
Project("{FAE04EC0-301F-11D3-BF4B-00C04F79EFBC}") = "TheDragon", "TheDragon\TheDragon\TheDragon.csproj", "{9F3A43EE-78CC-4695-999D-037D5319F4AF}"
EndProject
Project("{9A19103F-16F7-4668-BE54-9A1E7A4F7556}") = "AESPasswordManager", "AESPasswordManager\AESPasswordManager.csproj", "{C8F031A3-4F32-42B4-828E-E281491987D5}"
EndProject
Project("{9A19103F-16F7-4668-BE54-9A1E7A4F7556}") = "AplicatieEco", "AplicatieEco\AplicatieEco\AplicatieEco.csproj", "{7E6EA2AB-5123-4547-868C-E454A89B92C9}"
EndProject
Project("{9A19103F-16F7-4668-BE54-9A1E7A4F7556}") = "ExchangeRate_API", "ExchangeRate_API\ExchangeRate_API\ExchangeRate_API.csproj", "{4F9789F4-4747-4616-895D-9837E916F8EC}"
EndProject
Project("{9A19103F-16F7-4668-BE54-9A1E7A4F7556}") = "TicTacToeApp", "TicTacToe\TicTacToeApp.csproj", "{7F1451A2-D9F3-43DB-8B1A-DA340E8B3C90}"
EndProject
Global
	GlobalSection(SolutionConfigurationPlatforms) = preSolution
		Debug|Any CPU = Debug|Any CPU
		Release|Any CPU = Release|Any CPU
	EndGlobalSection
	GlobalSection(ProjectConfigurationPlatforms) = postSolution
		{BF025265-21B0-4B52-B8AD-58D45A8A2A24}.Debug|Any CPU.ActiveCfg = Debug|Any CPU
		{BF025265-21B0-4B52-B8AD-58D45A8A2A24}.Debug|Any CPU.Build.0 = Debug|Any CPU
		{BF025265-21B0-4B52-B8AD-58D45A8A2A24}.Release|Any CPU.ActiveCfg = Release|Any CPU
		{BF025265-21B0-4B52-B8AD-58D45A8A2A24}.Release|Any CPU.Build.0 = Release|Any CPU
		{0C30496B-137B-412A-A98E-B047E3E063E9}.Debug|Any CPU.ActiveCfg = Debug|Any CPU
		{0C30496B-137B-412A-A98E-B047E3E063E9}.Debug|Any CPU.Build.0 = Debug|Any CPU
		{0C30496B-137B-412A-A98E-B047E3E063E9}.Release|Any CPU.ActiveCfg = Release|Any CPU
		{0C30496B-137B-412A-A98E-B047E3E063E9}.Release|Any CPU.Build.0 = Release|Any CPU
		{B3B4D9B3-FDE8-4D19-83E8-604901C42197}.Debug|Any CPU.ActiveCfg = Debug|Any CPU
		{B3B4D9B3-FDE8-4D19-83E8-604901C42197}.Debug|Any CPU.Build.0 = Debug|Any CPU
		{B3B4D9B3-FDE8-4D19-83E8-604901C42197}.Release|Any CPU.ActiveCfg = Release|Any CPU
		{B3B4D9B3-FDE8-4D19-83E8-604901C42197}.Release|Any CPU.Build.0 = Release|Any CPU
		{74E433FD-DD5E-4373-8574-35F8E563F92E}.Debug|Any CPU.ActiveCfg = Debug|Any CPU
		{74E433FD-DD5E-4373-8574-35F8E563F92E}.Debug|Any CPU.Build.0 = Debug|Any CPU
		{74E433FD-DD5E-4373-8574-35F8E563F92E}.Release|Any CPU.ActiveCfg = Release|Any CPU
		{74E433FD-DD5E-4373-8574-35F8E563F92E}.Release|Any CPU.Build.0 = Release|Any CPU
		{C9419349-94D8-4A8F-9BCE-FE47EC3E3046}.Debug|Any CPU.ActiveCfg = Debug|Any CPU
		{C9419349-94D8-4A8F-9BCE-FE47EC3E3046}.Debug|Any CPU.Build.0 = Debug|Any CPU
		{C9419349-94D8-4A8F-9BCE-FE47EC3E3046}.Release|Any CPU.ActiveCfg = Release|Any CPU
		{C9419349-94D8-4A8F-9BCE-FE47EC3E3046}.Release|Any CPU.Build.0 = Release|Any CPU
		{7ACD92D9-78C1-4CF1-BA63-AC25FF90FFB6}.Debug|Any CPU.ActiveCfg = Debug|Any CPU
		{7ACD92D9-78C1-4CF1-BA63-AC25FF90FFB6}.Debug|Any CPU.Build.0 = Debug|Any CPU
		{7ACD92D9-78C1-4CF1-BA63-AC25FF90FFB6}.Release|Any CPU.ActiveCfg = Release|Any CPU
		{7ACD92D9-78C1-4CF1-BA63-AC25FF90FFB6}.Release|Any CPU.Build.0 = Release|Any CPU
		{3490FB52-47BD-4378-8094-291437426E1A}.Debug|Any CPU.ActiveCfg = Debug|Any CPU
		{3490FB52-47BD-4378-8094-291437426E1A}.Debug|Any CPU.Build.0 = Debug|Any CPU
		{3490FB52-47BD-4378-8094-291437426E1A}.Release|Any CPU.ActiveCfg = Release|Any CPU
		{3490FB52-47BD-4378-8094-291437426E1A}.Release|Any CPU.Build.0 = Release|Any CPU
		{88A06FC5-37B4-4F6A-8909-67BEEA801CE5}.Debug|Any CPU.ActiveCfg = Debug|Any CPU
		{88A06FC5-37B4-4F6A-8909-67BEEA801CE5}.Debug|Any CPU.Build.0 = Debug|Any CPU
		{88A06FC5-37B4-4F6A-8909-67BEEA801CE5}.Release|Any CPU.ActiveCfg = Release|Any CPU
		{88A06FC5-37B4-4F6A-8909-67BEEA801CE5}.Release|Any CPU.Build.0 = Release|Any CPU
		{2BB3DC08-B10B-4B89-A972-148CE793D70F}.Debug|Any CPU.ActiveCfg = Debug|Any CPU
		{2BB3DC08-B10B-4B89-A972-148CE793D70F}.Debug|Any CPU.Build.0 = Debug|Any CPU
		{2BB3DC08-B10B-4B89-A972-148CE793D70F}.Release|Any CPU.ActiveCfg = Release|Any CPU
		{2BB3DC08-B10B-4B89-A972-148CE793D70F}.Release|Any CPU.Build.0 = Release|Any CPU
		{31D2024B-28B7-4B99-A43F-69B718619EB5}.Debug|Any CPU.ActiveCfg = Debug|Any CPU
		{31D2024B-28B7-4B99-A43F-69B718619EB5}.Debug|Any CPU.Build.0 = Debug|Any CPU
		{31D2024B-28B7-4B99-A43F-69B718619EB5}.Release|Any CPU.ActiveCfg = Release|Any CPU
		{31D2024B-28B7-4B99-A43F-69B718619EB5}.Release|Any CPU.Build.0 = Release|Any CPU
		{81BF1D38-3F39-4B70-9E09-363355316AFE}.Debug|Any CPU.ActiveCfg = Debug|Any CPU
		{81BF1D38-3F39-4B70-9E09-363355316AFE}.Debug|Any CPU.Build.0 = Debug|Any CPU
		{81BF1D38-3F39-4B70-9E09-363355316AFE}.Release|Any CPU.ActiveCfg = Release|Any CPU
		{81BF1D38-3F39-4B70-9E09-363355316AFE}.Release|Any CPU.Build.0 = Release|Any CPU
		{7804A780-9920-4EC8-A2FC-202A357BEE4B}.Debug|Any CPU.ActiveCfg = Debug|Any CPU
		{7804A780-9920-4EC8-A2FC-202A357BEE4B}.Debug|Any CPU.Build.0 = Debug|Any CPU
		{7804A780-9920-4EC8-A2FC-202A357BEE4B}.Release|Any CPU.ActiveCfg = Release|Any CPU
		{7804A780-9920-4EC8-A2FC-202A357BEE4B}.Release|Any CPU.Build.0 = Release|Any CPU
		{1EFBA3BC-E9CD-44E4-BADA-725924CF0BD5}.Debug|Any CPU.ActiveCfg = Debug|Any CPU
		{1EFBA3BC-E9CD-44E4-BADA-725924CF0BD5}.Debug|Any CPU.Build.0 = Debug|Any CPU
		{1EFBA3BC-E9CD-44E4-BADA-725924CF0BD5}.Release|Any CPU.ActiveCfg = Release|Any CPU
		{1EFBA3BC-E9CD-44E4-BADA-725924CF0BD5}.Release|Any CPU.Build.0 = Release|Any CPU
		{4BBE3DB1-75E7-4ED5-A860-2592031B81A4}.Debug|Any CPU.ActiveCfg = Debug|Any CPU
		{4BBE3DB1-75E7-4ED5-A860-2592031B81A4}.Debug|Any CPU.Build.0 = Debug|Any CPU
		{4BBE3DB1-75E7-4ED5-A860-2592031B81A4}.Release|Any CPU.ActiveCfg = Release|Any CPU
		{4BBE3DB1-75E7-4ED5-A860-2592031B81A4}.Release|Any CPU.Build.0 = Release|Any CPU
		{EB8155C6-5863-4BAD-B37F-193C20ABE674}.Debug|Any CPU.ActiveCfg = Debug|Any CPU
		{EB8155C6-5863-4BAD-B37F-193C20ABE674}.Debug|Any CPU.Build.0 = Debug|Any CPU
		{EB8155C6-5863-4BAD-B37F-193C20ABE674}.Release|Any CPU.ActiveCfg = Release|Any CPU
		{EB8155C6-5863-4BAD-B37F-193C20ABE674}.Release|Any CPU.Build.0 = Release|Any CPU
		{0D64FB19-0EAB-4E79-94A8-84E90FB50100}.Debug|Any CPU.ActiveCfg = Debug|Any CPU
		{0D64FB19-0EAB-4E79-94A8-84E90FB50100}.Debug|Any CPU.Build.0 = Debug|Any CPU
		{0D64FB19-0EAB-4E79-94A8-84E90FB50100}.Release|Any CPU.ActiveCfg = Release|Any CPU
		{0D64FB19-0EAB-4E79-94A8-84E90FB50100}.Release|Any CPU.Build.0 = Release|Any CPU
		{A2255748-DD95-4BBA-A18F-EE022B2C055F}.Debug|Any CPU.ActiveCfg = Debug|Any CPU
		{A2255748-DD95-4BBA-A18F-EE022B2C055F}.Debug|Any CPU.Build.0 = Debug|Any CPU
		{A2255748-DD95-4BBA-A18F-EE022B2C055F}.Release|Any CPU.ActiveCfg = Release|Any CPU
		{A2255748-DD95-4BBA-A18F-EE022B2C055F}.Release|Any CPU.Build.0 = Release|Any CPU
		{AB0CDD78-3FC5-4E50-845E-650220E45B56}.Debug|Any CPU.ActiveCfg = Debug|Any CPU
		{AB0CDD78-3FC5-4E50-845E-650220E45B56}.Debug|Any CPU.Build.0 = Debug|Any CPU
		{AB0CDD78-3FC5-4E50-845E-650220E45B56}.Release|Any CPU.ActiveCfg = Release|Any CPU
		{AB0CDD78-3FC5-4E50-845E-650220E45B56}.Release|Any CPU.Build.0 = Release|Any CPU
		{F0D79233-69DC-445C-9C25-AE82CF88D627}.Debug|Any CPU.ActiveCfg = Debug|Any CPU
		{F0D79233-69DC-445C-9C25-AE82CF88D627}.Debug|Any CPU.Build.0 = Debug|Any CPU
		{F0D79233-69DC-445C-9C25-AE82CF88D627}.Release|Any CPU.ActiveCfg = Release|Any CPU
		{F0D79233-69DC-445C-9C25-AE82CF88D627}.Release|Any CPU.Build.0 = Release|Any CPU
		{3E2DAAF0-A298-4408-9D4F-1147FB84C34E}.Debug|Any CPU.ActiveCfg = Debug|Any CPU
		{3E2DAAF0-A298-4408-9D4F-1147FB84C34E}.Debug|Any CPU.Build.0 = Debug|Any CPU
		{3E2DAAF0-A298-4408-9D4F-1147FB84C34E}.Release|Any CPU.ActiveCfg = Release|Any CPU
		{3E2DAAF0-A298-4408-9D4F-1147FB84C34E}.Release|Any CPU.Build.0 = Release|Any CPU
		{E12F6587-7864-4C14-BBDF-E650481770F5}.Debug|Any CPU.ActiveCfg = Debug|Any CPU
		{E12F6587-7864-4C14-BBDF-E650481770F5}.Debug|Any CPU.Build.0 = Debug|Any CPU
		{E12F6587-7864-4C14-BBDF-E650481770F5}.Release|Any CPU.ActiveCfg = Release|Any CPU
		{E12F6587-7864-4C14-BBDF-E650481770F5}.Release|Any CPU.Build.0 = Release|Any CPU
		{7DB33BFE-343A-4FF4-8352-E9BED378400B}.Debug|Any CPU.ActiveCfg = Debug|Any CPU
		{7DB33BFE-343A-4FF4-8352-E9BED378400B}.Debug|Any CPU.Build.0 = Debug|Any CPU
		{7DB33BFE-343A-4FF4-8352-E9BED378400B}.Release|Any CPU.ActiveCfg = Release|Any CPU
		{7DB33BFE-343A-4FF4-8352-E9BED378400B}.Release|Any CPU.Build.0 = Release|Any CPU
		{95DF4975-7EF2-4862-8C61-3651B0B839BB}.Debug|Any CPU.ActiveCfg = Debug|Any CPU
		{95DF4975-7EF2-4862-8C61-3651B0B839BB}.Debug|Any CPU.Build.0 = Debug|Any CPU
		{95DF4975-7EF2-4862-8C61-3651B0B839BB}.Release|Any CPU.ActiveCfg = Release|Any CPU
		{95DF4975-7EF2-4862-8C61-3651B0B839BB}.Release|Any CPU.Build.0 = Release|Any CPU
		{6DDB32A8-1597-4469-8789-8F9493379249}.Debug|Any CPU.ActiveCfg = Debug|Any CPU
		{6DDB32A8-1597-4469-8789-8F9493379249}.Debug|Any CPU.Build.0 = Debug|Any CPU
		{6DDB32A8-1597-4469-8789-8F9493379249}.Release|Any CPU.ActiveCfg = Release|Any CPU
		{6DDB32A8-1597-4469-8789-8F9493379249}.Release|Any CPU.Build.0 = Release|Any CPU
		{5C4DA894-77CC-4DC8-8F9D-960D319F7A54}.Debug|Any CPU.ActiveCfg = Debug|Any CPU
		{5C4DA894-77CC-4DC8-8F9D-960D319F7A54}.Debug|Any CPU.Build.0 = Debug|Any CPU
		{5C4DA894-77CC-4DC8-8F9D-960D319F7A54}.Release|Any CPU.ActiveCfg = Release|Any CPU
		{5C4DA894-77CC-4DC8-8F9D-960D319F7A54}.Release|Any CPU.Build.0 = Release|Any CPU
		{869C985E-4282-4309-ABBD-AA59B8AE549D}.Debug|Any CPU.ActiveCfg = Debug|Any CPU
		{869C985E-4282-4309-ABBD-AA59B8AE549D}.Debug|Any CPU.Build.0 = Debug|Any CPU
		{869C985E-4282-4309-ABBD-AA59B8AE549D}.Release|Any CPU.ActiveCfg = Release|Any CPU
		{869C985E-4282-4309-ABBD-AA59B8AE549D}.Release|Any CPU.Build.0 = Release|Any CPU
		{22AA5AD9-F04D-4D9D-A83F-3CD6F0838831}.Debug|Any CPU.ActiveCfg = Debug|Any CPU
		{22AA5AD9-F04D-4D9D-A83F-3CD6F0838831}.Debug|Any CPU.Build.0 = Debug|Any CPU
		{22AA5AD9-F04D-4D9D-A83F-3CD6F0838831}.Release|Any CPU.ActiveCfg = Release|Any CPU
		{22AA5AD9-F04D-4D9D-A83F-3CD6F0838831}.Release|Any CPU.Build.0 = Release|Any CPU
		{A194BAC5-E71E-4C68-A6C3-D7051CD21C6A}.Debug|Any CPU.ActiveCfg = Debug|Any CPU
		{A194BAC5-E71E-4C68-A6C3-D7051CD21C6A}.Debug|Any CPU.Build.0 = Debug|Any CPU
		{A194BAC5-E71E-4C68-A6C3-D7051CD21C6A}.Release|Any CPU.ActiveCfg = Release|Any CPU
		{A194BAC5-E71E-4C68-A6C3-D7051CD21C6A}.Release|Any CPU.Build.0 = Release|Any CPU
		{04C13D39-974C-4796-8539-7CCBF6DA7679}.Debug|Any CPU.ActiveCfg = Debug|Any CPU
		{04C13D39-974C-4796-8539-7CCBF6DA7679}.Debug|Any CPU.Build.0 = Debug|Any CPU
		{04C13D39-974C-4796-8539-7CCBF6DA7679}.Release|Any CPU.ActiveCfg = Release|Any CPU
		{04C13D39-974C-4796-8539-7CCBF6DA7679}.Release|Any CPU.Build.0 = Release|Any CPU
		{7DE18972-BE57-4EFF-BA5F-CAF59DB15094}.Debug|Any CPU.ActiveCfg = Debug|Any CPU
		{7DE18972-BE57-4EFF-BA5F-CAF59DB15094}.Debug|Any CPU.Build.0 = Debug|Any CPU
		{7DE18972-BE57-4EFF-BA5F-CAF59DB15094}.Release|Any CPU.ActiveCfg = Release|Any CPU
		{7DE18972-BE57-4EFF-BA5F-CAF59DB15094}.Release|Any CPU.Build.0 = Release|Any CPU
		{0709C2C7-16BF-461D-824B-5C08DF6FD7EA}.Debug|Any CPU.ActiveCfg = Debug|Any CPU
		{0709C2C7-16BF-461D-824B-5C08DF6FD7EA}.Debug|Any CPU.Build.0 = Debug|Any CPU
		{0709C2C7-16BF-461D-824B-5C08DF6FD7EA}.Release|Any CPU.ActiveCfg = Release|Any CPU
		{0709C2C7-16BF-461D-824B-5C08DF6FD7EA}.Release|Any CPU.Build.0 = Release|Any CPU
		{9E69776B-E357-4C1A-A367-1F96C2EA2151}.Debug|Any CPU.ActiveCfg = Debug|Any CPU
		{9E69776B-E357-4C1A-A367-1F96C2EA2151}.Debug|Any CPU.Build.0 = Debug|Any CPU
		{9E69776B-E357-4C1A-A367-1F96C2EA2151}.Release|Any CPU.ActiveCfg = Release|Any CPU
		{9E69776B-E357-4C1A-A367-1F96C2EA2151}.Release|Any CPU.Build.0 = Release|Any CPU
		{12E32435-2C48-48C8-A7C0-416D3C7F9E22}.Debug|Any CPU.ActiveCfg = Debug|Any CPU
		{12E32435-2C48-48C8-A7C0-416D3C7F9E22}.Debug|Any CPU.Build.0 = Debug|Any CPU
		{12E32435-2C48-48C8-A7C0-416D3C7F9E22}.Release|Any CPU.ActiveCfg = Release|Any CPU
		{12E32435-2C48-48C8-A7C0-416D3C7F9E22}.Release|Any CPU.Build.0 = Release|Any CPU
		{E096B3D1-B3C8-4A48-80C9-4969F80636CB}.Debug|Any CPU.ActiveCfg = Debug|Any CPU
		{E096B3D1-B3C8-4A48-80C9-4969F80636CB}.Debug|Any CPU.Build.0 = Debug|Any CPU
		{E096B3D1-B3C8-4A48-80C9-4969F80636CB}.Release|Any CPU.ActiveCfg = Release|Any CPU
		{E096B3D1-B3C8-4A48-80C9-4969F80636CB}.Release|Any CPU.Build.0 = Release|Any CPU
		{C8C188C3-8E68-46B0-8360-80FA180C091C}.Debug|Any CPU.ActiveCfg = Debug|Any CPU
		{C8C188C3-8E68-46B0-8360-80FA180C091C}.Debug|Any CPU.Build.0 = Debug|Any CPU
		{C8C188C3-8E68-46B0-8360-80FA180C091C}.Release|Any CPU.ActiveCfg = Release|Any CPU
		{C8C188C3-8E68-46B0-8360-80FA180C091C}.Release|Any CPU.Build.0 = Release|Any CPU
		{3EA76010-D28A-4D43-8A7F-D8D3418AF3D1}.Debug|Any CPU.ActiveCfg = Debug|Any CPU
		{3EA76010-D28A-4D43-8A7F-D8D3418AF3D1}.Debug|Any CPU.Build.0 = Debug|Any CPU
		{3EA76010-D28A-4D43-8A7F-D8D3418AF3D1}.Release|Any CPU.ActiveCfg = Release|Any CPU
		{3EA76010-D28A-4D43-8A7F-D8D3418AF3D1}.Release|Any CPU.Build.0 = Release|Any CPU
		{AD249142-BDD5-4CB1-88E6-7FB5E0D43A2C}.Debug|Any CPU.ActiveCfg = Debug|Any CPU
		{AD249142-BDD5-4CB1-88E6-7FB5E0D43A2C}.Debug|Any CPU.Build.0 = Debug|Any CPU
		{AD249142-BDD5-4CB1-88E6-7FB5E0D43A2C}.Release|Any CPU.ActiveCfg = Release|Any CPU
		{AD249142-BDD5-4CB1-88E6-7FB5E0D43A2C}.Release|Any CPU.Build.0 = Release|Any CPU
		{75A478EC-2890-4D2C-A482-AE34D2ABFBDE}.Debug|Any CPU.ActiveCfg = Debug|Any CPU
		{75A478EC-2890-4D2C-A482-AE34D2ABFBDE}.Debug|Any CPU.Build.0 = Debug|Any CPU
		{75A478EC-2890-4D2C-A482-AE34D2ABFBDE}.Release|Any CPU.ActiveCfg = Release|Any CPU
		{75A478EC-2890-4D2C-A482-AE34D2ABFBDE}.Release|Any CPU.Build.0 = Release|Any CPU
		{14283C13-4653-4569-82B0-6888013546DC}.Debug|Any CPU.ActiveCfg = Debug|Any CPU
		{14283C13-4653-4569-82B0-6888013546DC}.Debug|Any CPU.Build.0 = Debug|Any CPU
		{14283C13-4653-4569-82B0-6888013546DC}.Release|Any CPU.ActiveCfg = Release|Any CPU
		{14283C13-4653-4569-82B0-6888013546DC}.Release|Any CPU.Build.0 = Release|Any CPU
		{A4CA6123-1DA1-4CC8-991A-754466BEE346}.Debug|Any CPU.ActiveCfg = Debug|Any CPU
		{A4CA6123-1DA1-4CC8-991A-754466BEE346}.Debug|Any CPU.Build.0 = Debug|Any CPU
		{A4CA6123-1DA1-4CC8-991A-754466BEE346}.Release|Any CPU.ActiveCfg = Release|Any CPU
		{A4CA6123-1DA1-4CC8-991A-754466BEE346}.Release|Any CPU.Build.0 = Release|Any CPU
		{3F1A265B-748D-482C-9129-CC236D5EDA06}.Debug|Any CPU.ActiveCfg = Debug|Any CPU
		{3F1A265B-748D-482C-9129-CC236D5EDA06}.Debug|Any CPU.Build.0 = Debug|Any CPU
		{3F1A265B-748D-482C-9129-CC236D5EDA06}.Release|Any CPU.ActiveCfg = Release|Any CPU
		{3F1A265B-748D-482C-9129-CC236D5EDA06}.Release|Any CPU.Build.0 = Release|Any CPU
		{EFD8D0FD-602C-4596-84AE-7E8847223D72}.Debug|Any CPU.ActiveCfg = Debug|Any CPU
		{EFD8D0FD-602C-4596-84AE-7E8847223D72}.Debug|Any CPU.Build.0 = Debug|Any CPU
		{EFD8D0FD-602C-4596-84AE-7E8847223D72}.Release|Any CPU.ActiveCfg = Release|Any CPU
		{EFD8D0FD-602C-4596-84AE-7E8847223D72}.Release|Any CPU.Build.0 = Release|Any CPU
		{A8C7B125-B53F-4A98-82BF-1169B6C82124}.Debug|Any CPU.ActiveCfg = Debug|Any CPU
		{A8C7B125-B53F-4A98-82BF-1169B6C82124}.Debug|Any CPU.Build.0 = Debug|Any CPU
		{A8C7B125-B53F-4A98-82BF-1169B6C82124}.Release|Any CPU.ActiveCfg = Release|Any CPU
		{A8C7B125-B53F-4A98-82BF-1169B6C82124}.Release|Any CPU.Build.0 = Release|Any CPU
		{FDE5697C-6A0E-48CC-9FB3-56340DAF672D}.Debug|Any CPU.ActiveCfg = Debug|Any CPU
		{FDE5697C-6A0E-48CC-9FB3-56340DAF672D}.Debug|Any CPU.Build.0 = Debug|Any CPU
		{FDE5697C-6A0E-48CC-9FB3-56340DAF672D}.Release|Any CPU.ActiveCfg = Release|Any CPU
		{FDE5697C-6A0E-48CC-9FB3-56340DAF672D}.Release|Any CPU.Build.0 = Release|Any CPU
		{D5F5D281-45BA-40D4-AEEC-4F77288D764C}.Debug|Any CPU.ActiveCfg = Debug|Any CPU
		{D5F5D281-45BA-40D4-AEEC-4F77288D764C}.Debug|Any CPU.Build.0 = Debug|Any CPU
		{D5F5D281-45BA-40D4-AEEC-4F77288D764C}.Release|Any CPU.ActiveCfg = Release|Any CPU
		{D5F5D281-45BA-40D4-AEEC-4F77288D764C}.Release|Any CPU.Build.0 = Release|Any CPU
		{B8F42629-6BD2-4B1A-BAA3-A63209D47907}.Debug|Any CPU.ActiveCfg = Debug|Any CPU
		{B8F42629-6BD2-4B1A-BAA3-A63209D47907}.Debug|Any CPU.Build.0 = Debug|Any CPU
		{B8F42629-6BD2-4B1A-BAA3-A63209D47907}.Release|Any CPU.ActiveCfg = Release|Any CPU
		{B8F42629-6BD2-4B1A-BAA3-A63209D47907}.Release|Any CPU.Build.0 = Release|Any CPU
		{90B7C2BE-B94D-4CC0-912E-3075228DD210}.Debug|Any CPU.ActiveCfg = Debug|Any CPU
		{90B7C2BE-B94D-4CC0-912E-3075228DD210}.Debug|Any CPU.Build.0 = Debug|Any CPU
		{90B7C2BE-B94D-4CC0-912E-3075228DD210}.Release|Any CPU.ActiveCfg = Release|Any CPU
		{90B7C2BE-B94D-4CC0-912E-3075228DD210}.Release|Any CPU.Build.0 = Release|Any CPU
		{2BFE6D6C-1741-4DF0-BEFC-4C8EE23E6BEF}.Debug|Any CPU.ActiveCfg = Debug|Any CPU
		{2BFE6D6C-1741-4DF0-BEFC-4C8EE23E6BEF}.Debug|Any CPU.Build.0 = Debug|Any CPU
		{2BFE6D6C-1741-4DF0-BEFC-4C8EE23E6BEF}.Release|Any CPU.ActiveCfg = Release|Any CPU
		{2BFE6D6C-1741-4DF0-BEFC-4C8EE23E6BEF}.Release|Any CPU.Build.0 = Release|Any CPU
		{E6AAA751-DC5C-4E7E-BFF4-C0BC134C6139}.Debug|Any CPU.ActiveCfg = Debug|Any CPU
		{E6AAA751-DC5C-4E7E-BFF4-C0BC134C6139}.Debug|Any CPU.Build.0 = Debug|Any CPU
		{E6AAA751-DC5C-4E7E-BFF4-C0BC134C6139}.Release|Any CPU.ActiveCfg = Release|Any CPU
		{E6AAA751-DC5C-4E7E-BFF4-C0BC134C6139}.Release|Any CPU.Build.0 = Release|Any CPU
		{69809043-907A-497C-87A9-CB3B2D2C2454}.Debug|Any CPU.ActiveCfg = Debug|Any CPU
		{69809043-907A-497C-87A9-CB3B2D2C2454}.Debug|Any CPU.Build.0 = Debug|Any CPU
		{69809043-907A-497C-87A9-CB3B2D2C2454}.Release|Any CPU.ActiveCfg = Release|Any CPU
		{69809043-907A-497C-87A9-CB3B2D2C2454}.Release|Any CPU.Build.0 = Release|Any CPU
		{9E0F33ED-8B23-4ED2-AA3B-79FFAD7633D7}.Debug|Any CPU.ActiveCfg = Debug|Any CPU
		{9E0F33ED-8B23-4ED2-AA3B-79FFAD7633D7}.Debug|Any CPU.Build.0 = Debug|Any CPU
		{9E0F33ED-8B23-4ED2-AA3B-79FFAD7633D7}.Release|Any CPU.ActiveCfg = Release|Any CPU
		{9E0F33ED-8B23-4ED2-AA3B-79FFAD7633D7}.Release|Any CPU.Build.0 = Release|Any CPU
		{34F61D6B-A3C3-4945-980C-08FCB3067BAA}.Debug|Any CPU.ActiveCfg = Debug|Any CPU
		{34F61D6B-A3C3-4945-980C-08FCB3067BAA}.Debug|Any CPU.Build.0 = Debug|Any CPU
		{34F61D6B-A3C3-4945-980C-08FCB3067BAA}.Release|Any CPU.ActiveCfg = Release|Any CPU
		{34F61D6B-A3C3-4945-980C-08FCB3067BAA}.Release|Any CPU.Build.0 = Release|Any CPU
		{9F3A43EE-78CC-4695-999D-037D5319F4AF}.Debug|Any CPU.ActiveCfg = Debug|Any CPU
		{9F3A43EE-78CC-4695-999D-037D5319F4AF}.Debug|Any CPU.Build.0 = Debug|Any CPU
		{9F3A43EE-78CC-4695-999D-037D5319F4AF}.Release|Any CPU.ActiveCfg = Release|Any CPU
		{9F3A43EE-78CC-4695-999D-037D5319F4AF}.Release|Any CPU.Build.0 = Release|Any CPU
		{C8F031A3-4F32-42B4-828E-E281491987D5}.Debug|Any CPU.ActiveCfg = Debug|Any CPU
		{C8F031A3-4F32-42B4-828E-E281491987D5}.Debug|Any CPU.Build.0 = Debug|Any CPU
		{C8F031A3-4F32-42B4-828E-E281491987D5}.Release|Any CPU.ActiveCfg = Release|Any CPU
		{C8F031A3-4F32-42B4-828E-E281491987D5}.Release|Any CPU.Build.0 = Release|Any CPU
		{7E6EA2AB-5123-4547-868C-E454A89B92C9}.Debug|Any CPU.ActiveCfg = Debug|Any CPU
		{7E6EA2AB-5123-4547-868C-E454A89B92C9}.Debug|Any CPU.Build.0 = Debug|Any CPU
		{7E6EA2AB-5123-4547-868C-E454A89B92C9}.Release|Any CPU.ActiveCfg = Release|Any CPU
		{7E6EA2AB-5123-4547-868C-E454A89B92C9}.Release|Any CPU.Build.0 = Release|Any CPU
		{4F9789F4-4747-4616-895D-9837E916F8EC}.Debug|Any CPU.ActiveCfg = Debug|Any CPU
		{4F9789F4-4747-4616-895D-9837E916F8EC}.Debug|Any CPU.Build.0 = Debug|Any CPU
		{4F9789F4-4747-4616-895D-9837E916F8EC}.Release|Any CPU.ActiveCfg = Release|Any CPU
		{4F9789F4-4747-4616-895D-9837E916F8EC}.Release|Any CPU.Build.0 = Release|Any CPU
		{7F1451A2-D9F3-43DB-8B1A-DA340E8B3C90}.Debug|Any CPU.ActiveCfg = Debug|Any CPU
		{7F1451A2-D9F3-43DB-8B1A-DA340E8B3C90}.Debug|Any CPU.Build.0 = Debug|Any CPU
		{7F1451A2-D9F3-43DB-8B1A-DA340E8B3C90}.Release|Any CPU.ActiveCfg = Release|Any CPU
		{7F1451A2-D9F3-43DB-8B1A-DA340E8B3C90}.Release|Any CPU.Build.0 = Release|Any CPU
	EndGlobalSection
	GlobalSection(SolutionProperties) = preSolution
		HideSolutionNode = FALSE
	EndGlobalSection
	GlobalSection(ExtensibilityGlobals) = postSolution
		SolutionGuid = {87F5093E-3B36-44BE-B273-CEBAE9CEFB9C}
	EndGlobalSection
EndGlobal
