
Microsoft Visual Studio Solution File, Format Version 12.00
# Visual Studio Version 17
VisualStudioVersion = 17.8.34330.188
MinimumVisualStudioVersion = 10.0.40219.1
Project("{9A19103F-16F7-4668-BE54-9A1E7A4F7556}") = "Vineri", "Vineri.csproj", "{0A80AE36-D644-426C-AFC0-A6877E9E3EB3}"
EndProject
Global
	GlobalSection(SolutionConfigurationPlatforms) = preSolution
		Debug|Any CPU = Debug|Any CPU
		Release|Any CPU = Release|Any CPU
	EndGlobalSection
	GlobalSection(ProjectConfigurationPlatforms) = postSolution
		{0A80AE36-D644-426C-AFC0-A6877E9E3EB3}.Debug|Any CPU.ActiveCfg = Debug|Any CPU
		{0A80AE36-D644-426C-AFC0-A6877E9E3EB3}.Debug|Any CPU.Build.0 = Debug|Any CPU
		{0A80AE36-D644-426C-AFC0-A6877E9E3EB3}.Release|Any CPU.ActiveCfg = Release|Any CPU
		{0A80AE36-D644-426C-AFC0-A6877E9E3EB3}.Release|Any CPU.Build.0 = Release|Any CPU
	EndGlobalSection
	GlobalSection(SolutionProperties) = preSolution
		HideSolutionNode = FALSE
	EndGlobalSection
	GlobalSection(ExtensibilityGlobals) = postSolution
		SolutionGuid = {8578094E-FEAA-427E-A7EA-166F67597D94}
	EndGlobalSection
EndGlobal
