
Microsoft Visual Studio Solution File, Format Version 12.00
# Visual Studio Version 17
VisualStudioVersion = 17.8.34330.188
MinimumVisualStudioVersion = 10.0.40219.1
Project("{FAE04EC0-301F-11D3-BF4B-00C04F79EFBC}") = "07.3 First Paint", "07.3 First Paint.csproj", "{BF025265-21B0-4B52-B8AD-58D45A8A2A24}"
EndProject
Global
	GlobalSection(SolutionConfigurationPlatforms) = preSolution
		Debug|Any CPU = Debug|Any CPU
		Release|Any CPU = Release|Any CPU
	EndGlobalSection
	GlobalSection(ProjectConfigurationPlatforms) = postSolution
		{BF025265-21B0-4B52-B8AD-58D45A8A2A24}.Debug|Any CPU.ActiveCfg = Debug|Any CPU
		{BF025265-21B0-4B52-B8AD-58D45A8A2A24}.Debug|Any CPU.Build.0 = Debug|Any CPU
		{BF025265-21B0-4B52-B8AD-58D45A8A2A24}.Release|Any CPU.ActiveCfg = Release|Any CPU
		{BF025265-21B0-4B52-B8AD-58D45A8A2A24}.Release|Any CPU.Build.0 = Release|Any CPU
	EndGlobalSection
	GlobalSection(SolutionProperties) = preSolution
		HideSolutionNode = FALSE
	EndGlobalSection
	GlobalSection(ExtensibilityGlobals) = postSolution
		SolutionGuid = {BBB65C83-17AB-4F97-8A58-A7210D3FA0FF}
	EndGlobalSection
EndGlobal
