
Microsoft Visual Studio Solution File, Format Version 12.00
# Visual Studio Version 17
VisualStudioVersion = 17.8.34330.188
MinimumVisualStudioVersion = 10.0.40219.1
Project("{FAE04EC0-301F-11D3-BF4B-00C04F79EFBC}") = "12.2 Cerere", "12.2 Cerere\12.2 Cerere.csproj", "{EB8155C6-5863-4BAD-B37F-193C20ABE674}"
EndProject
Global
	GlobalSection(SolutionConfigurationPlatforms) = preSolution
		Debug|Any CPU = Debug|Any CPU
		Release|Any CPU = Release|Any CPU
	EndGlobalSection
	GlobalSection(ProjectConfigurationPlatforms) = postSolution
		{EB8155C6-5863-4BAD-B37F-193C20ABE674}.Debug|Any CPU.ActiveCfg = Debug|Any CPU
		{EB8155C6-5863-4BAD-B37F-193C20ABE674}.Debug|Any CPU.Build.0 = Debug|Any CPU
		{EB8155C6-5863-4BAD-B37F-193C20ABE674}.Release|Any CPU.ActiveCfg = Release|Any CPU
		{EB8155C6-5863-4BAD-B37F-193C20ABE674}.Release|Any CPU.Build.0 = Release|Any CPU
	EndGlobalSection
	GlobalSection(SolutionProperties) = preSolution
		HideSolutionNode = FALSE
	EndGlobalSection
	GlobalSection(ExtensibilityGlobals) = postSolution
		SolutionGuid = {54AF33F1-B046-49D0-82AE-0064B97D2CC4}
	EndGlobalSection
EndGlobal
