
Microsoft Visual Studio Solution File, Format Version 12.00
# Visual Studio Version 17
VisualStudioVersion = 17.8.34330.188
MinimumVisualStudioVersion = 10.0.40219.1
Project("{FAE04EC0-301F-11D3-BF4B-00C04F79EFBC}") = "07.1 Xmas mood", "07.1 Xmas mood.csproj", "{3490FB52-47BD-4378-8094-291437426E1A}"
EndProject
Global
	GlobalSection(SolutionConfigurationPlatforms) = preSolution
		Debug|Any CPU = Debug|Any CPU
		Release|Any CPU = Release|Any CPU
	EndGlobalSection
	GlobalSection(ProjectConfigurationPlatforms) = postSolution
		{3490FB52-47BD-4378-8094-291437426E1A}.Debug|Any CPU.ActiveCfg = Debug|Any CPU
		{3490FB52-47BD-4378-8094-291437426E1A}.Debug|Any CPU.Build.0 = Debug|Any CPU
		{3490FB52-47BD-4378-8094-291437426E1A}.Release|Any CPU.ActiveCfg = Release|Any CPU
		{3490FB52-47BD-4378-8094-291437426E1A}.Release|Any CPU.Build.0 = Release|Any CPU
	EndGlobalSection
	GlobalSection(SolutionProperties) = preSolution
		HideSolutionNode = FALSE
	EndGlobalSection
	GlobalSection(ExtensibilityGlobals) = postSolution
		SolutionGuid = {FBB1AE28-804B-4444-B050-2DC77369769E}
	EndGlobalSection
EndGlobal
