
Microsoft Visual Studio Solution File, Format Version 12.00
# Visual Studio Version 17
VisualStudioVersion = 17.8.34330.188
MinimumVisualStudioVersion = 10.0.40219.1
Project("{FAE04EC0-301F-11D3-BF4B-00C04F79EFBC}") = "Catalog", "Catalog.csproj", "{9E69776B-E357-4C1A-A367-1F96C2EA2151}"
EndProject
Global
	GlobalSection(SolutionConfigurationPlatforms) = preSolution
		Debug|Any CPU = Debug|Any CPU
		Release|Any CPU = Release|Any CPU
	EndGlobalSection
	GlobalSection(ProjectConfigurationPlatforms) = postSolution
		{9E69776B-E357-4C1A-A367-1F96C2EA2151}.Debug|Any CPU.ActiveCfg = Debug|Any CPU
		{9E69776B-E357-4C1A-A367-1F96C2EA2151}.Debug|Any CPU.Build.0 = Debug|Any CPU
		{9E69776B-E357-4C1A-A367-1F96C2EA2151}.Release|Any CPU.ActiveCfg = Release|Any CPU
		{9E69776B-E357-4C1A-A367-1F96C2EA2151}.Release|Any CPU.Build.0 = Release|Any CPU
	EndGlobalSection
	GlobalSection(SolutionProperties) = preSolution
		HideSolutionNode = FALSE
	EndGlobalSection
	GlobalSection(ExtensibilityGlobals) = postSolution
		SolutionGuid = {8D0C91E3-0CFE-4260-A7B7-BAC666AEDD94}
	EndGlobalSection
EndGlobal
