
Microsoft Visual Studio Solution File, Format Version 12.00
# Visual Studio Version 17
VisualStudioVersion = 17.13.35913.81 d17.13
MinimumVisualStudioVersion = 10.0.40219.1
Project("{FAE04EC0-301F-11D3-BF4B-00C04F79EFBC}") = "11.2 - Checker Board", "11.2 - Checker Board\11.2 - Checker Board.csproj", "{355E95B4-7B62-4316-A704-5E57281F4DDA}"
EndProject
Global
	GlobalSection(SolutionConfigurationPlatforms) = preSolution
		Debug|Any CPU = Debug|Any CPU
		Release|Any CPU = Release|Any CPU
	EndGlobalSection
	GlobalSection(ProjectConfigurationPlatforms) = postSolution
		{355E95B4-7B62-4316-A704-5E57281F4DDA}.Debug|Any CPU.ActiveCfg = Debug|Any CPU
		{355E95B4-7B62-4316-A704-5E57281F4DDA}.Debug|Any CPU.Build.0 = Debug|Any CPU
		{355E95B4-7B62-4316-A704-5E57281F4DDA}.Release|Any CPU.ActiveCfg = Release|Any CPU
		{355E95B4-7B62-4316-A704-5E57281F4DDA}.Release|Any CPU.Build.0 = Release|Any CPU
	EndGlobalSection
	GlobalSection(SolutionProperties) = preSolution
		HideSolutionNode = FALSE
	EndGlobalSection
	GlobalSection(ExtensibilityGlobals) = postSolution
		SolutionGuid = {E6546057-1794-41A9-981F-CBCCA9989BF8}
	EndGlobalSection
EndGlobal
