
Microsoft Visual Studio Solution File, Format Version 12.00
# Visual Studio Version 17
VisualStudioVersion = 17.8.34330.188
MinimumVisualStudioVersion = 10.0.40219.1
Project("{FAE04EC0-301F-11D3-BF4B-00C04F79EFBC}") = "Judeteana2011", "Judeteana2011.csproj", "{75A478EC-2890-4D2C-A482-AE34D2ABFBDE}"
EndProject
Global
	GlobalSection(SolutionConfigurationPlatforms) = preSolution
		Debug|Any CPU = Debug|Any CPU
		Release|Any CPU = Release|Any CPU
	EndGlobalSection
	GlobalSection(ProjectConfigurationPlatforms) = postSolution
		{75A478EC-2890-4D2C-A482-AE34D2ABFBDE}.Debug|Any CPU.ActiveCfg = Debug|Any CPU
		{75A478EC-2890-4D2C-A482-AE34D2ABFBDE}.Debug|Any CPU.Build.0 = Debug|Any CPU
		{75A478EC-2890-4D2C-A482-AE34D2ABFBDE}.Release|Any CPU.ActiveCfg = Release|Any CPU
		{75A478EC-2890-4D2C-A482-AE34D2ABFBDE}.Release|Any CPU.Build.0 = Release|Any CPU
	EndGlobalSection
	GlobalSection(SolutionProperties) = preSolution
		HideSolutionNode = FALSE
	EndGlobalSection
	GlobalSection(ExtensibilityGlobals) = postSolution
		SolutionGuid = {3E7B9578-9FC7-475F-84FA-DB92D0D55040}
	EndGlobalSection
EndGlobal
