
Microsoft Visual Studio Solution File, Format Version 12.00
# Visual Studio Version 17
VisualStudioVersion = 17.8.34330.188
MinimumVisualStudioVersion = 10.0.40219.1
Project("{FAE04EC0-301F-11D3-BF4B-00C04F79EFBC}") = "13.2 Football", "13.2 Football\13.2 Football.csproj", "{AB0CDD78-3FC5-4E50-845E-650220E45B56}"
EndProject
Global
	GlobalSection(SolutionConfigurationPlatforms) = preSolution
		Debug|Any CPU = Debug|Any CPU
		Release|Any CPU = Release|Any CPU
	EndGlobalSection
	GlobalSection(ProjectConfigurationPlatforms) = postSolution
		{AB0CDD78-3FC5-4E50-845E-650220E45B56}.Debug|Any CPU.ActiveCfg = Debug|Any CPU
		{AB0CDD78-3FC5-4E50-845E-650220E45B56}.Debug|Any CPU.Build.0 = Debug|Any CPU
		{AB0CDD78-3FC5-4E50-845E-650220E45B56}.Release|Any CPU.ActiveCfg = Release|Any CPU
		{AB0CDD78-3FC5-4E50-845E-650220E45B56}.Release|Any CPU.Build.0 = Release|Any CPU
	EndGlobalSection
	GlobalSection(SolutionProperties) = preSolution
		HideSolutionNode = FALSE
	EndGlobalSection
	GlobalSection(ExtensibilityGlobals) = postSolution
		SolutionGuid = {D2C89546-5E05-4DBA-8249-A7099AF7ED22}
	EndGlobalSection
EndGlobal
