
Microsoft Visual Studio Solution File, Format Version 12.00
# Visual Studio Version 17
VisualStudioVersion = 17.8.34330.188
MinimumVisualStudioVersion = 10.0.40219.1
Project("{9A19103F-16F7-4668-BE54-9A1E7A4F7556}") = "Up and down", "Up and down.csproj", "{FE28619F-3DD7-4882-B153-21555AE53FEE}"
EndProject
Global
	GlobalSection(SolutionConfigurationPlatforms) = preSolution
		Debug|Any CPU = Debug|Any CPU
		Release|Any CPU = Release|Any CPU
	EndGlobalSection
	GlobalSection(ProjectConfigurationPlatforms) = postSolution
		{FE28619F-3DD7-4882-B153-21555AE53FEE}.Debug|Any CPU.ActiveCfg = Debug|Any CPU
		{FE28619F-3DD7-4882-B153-21555AE53FEE}.Debug|Any CPU.Build.0 = Debug|Any CPU
		{FE28619F-3DD7-4882-B153-21555AE53FEE}.Release|Any CPU.ActiveCfg = Release|Any CPU
		{FE28619F-3DD7-4882-B153-21555AE53FEE}.Release|Any CPU.Build.0 = Release|Any CPU
	EndGlobalSection
	GlobalSection(SolutionProperties) = preSolution
		HideSolutionNode = FALSE
	EndGlobalSection
	GlobalSection(ExtensibilityGlobals) = postSolution
		SolutionGuid = {EF724D0E-61AF-4390-8349-5A287C76C52C}
	EndGlobalSection
EndGlobal
