
Microsoft Visual Studio Solution File, Format Version 12.00
# Visual Studio Version 17
VisualStudioVersion = 17.8.34330.188
MinimumVisualStudioVersion = 10.0.40219.1
Project("{FAE04EC0-301F-11D3-BF4B-00C04F79EFBC}") = "Pistoane", "Pistoane\Pistoane.csproj", "{2BFE6D6C-1741-4DF0-BEFC-4C8EE23E6BEF}"
EndProject
Global
	GlobalSection(SolutionConfigurationPlatforms) = preSolution
		Debug|Any CPU = Debug|Any CPU
		Release|Any CPU = Release|Any CPU
	EndGlobalSection
	GlobalSection(ProjectConfigurationPlatforms) = postSolution
		{2BFE6D6C-1741-4DF0-BEFC-4C8EE23E6BEF}.Debug|Any CPU.ActiveCfg = Debug|Any CPU
		{2BFE6D6C-1741-4DF0-BEFC-4C8EE23E6BEF}.Debug|Any CPU.Build.0 = Debug|Any CPU
		{2BFE6D6C-1741-4DF0-BEFC-4C8EE23E6BEF}.Release|Any CPU.ActiveCfg = Release|Any CPU
		{2BFE6D6C-1741-4DF0-BEFC-4C8EE23E6BEF}.Release|Any CPU.Build.0 = Release|Any CPU
	EndGlobalSection
	GlobalSection(SolutionProperties) = preSolution
		HideSolutionNode = FALSE
	EndGlobalSection
	GlobalSection(ExtensibilityGlobals) = postSolution
		SolutionGuid = {50349E60-E885-4600-BABE-F413F9440287}
	EndGlobalSection
EndGlobal
